{
  "pins" : [
    {
      "identity" : "cgmath",
      "kind" : "remoteSourceControl",
      "location" : "https://github.com/gadirom/CGMath",
      "state" : {
        "revision" : "a81694771f544745048e8a6d206571600b78ee26",
        "version" : "1.0.2"
      }
    },
    {
      "identity" : "containergeometry",
      "kind" : "remoteSourceControl",
      "location" : "https://github.com/gadirom/ContainerGeometry",
      "state" : {
        "revision" : "4e6a5916da407e48ef4458bb970508527b9e05cc",
        "version" : "1.0.2"
      }
    },
    {
      "identity" : "metalbuilder",
      "kind" : "remoteSourceControl",
      "location" : "https://github.com/MetalBuilder/MetalBuilder",
      "state" : {
        "revision" : "b8d43fb378a7708a149a93e956e203cf77a183ff",
        "version" : "0.1.9"
      }
    },
    {
      "identity" : "reordableviews",
      "kind" : "remoteSourceControl",
      "location" : "https://github.com/gadirom/ReordableViews",
      "state" : {
        "revision" : "55a019c9ea9b828e4dc6b811ee13bc9847868c3a",
        "version" : "1.0.3"
      }
    },
    {
      "identity" : "swift-collections",
      "kind" : "remoteSourceControl",
      "location" : "https://github.com/apple/swift-collections",
      "state" : {
        "revision" : "f504716c27d2e5d4144fa4794b12129301d17729",
        "version" : "1.0.3"
      }
    }
  ],
  "version" : 2
}
