{
  "pins" : [
    {
      "identity" : "metalbuilder",
      "kind" : "remoteSourceControl",
      "location" : "https://github.com/MetalBuilder/MetalBuilder",
      "state" : {
        "revision" : "81359e5101713e62474ed7ad0baad1748ae829f8",
        "version" : "0.2.1"
      }
    },
    {
      "identity" : "swift-collections",
      "kind" : "remoteSourceControl",
      "location" : "https://github.com/apple/swift-collections",
      "state" : {
        "revision" : "48254824bb4248676bf7ce56014ff57b142b77eb",
        "version" : "1.0.2"
      }
    }
  ],
  "version" : 2
}
